<?xml version="1.0" encoding="utf-8"?>
<Project ToolsVersion="4.0" xmlns="http://schemas.microsoft.com/developer/msbuild/2003">
  <ItemGroup>
    <ClInclude Include="Dependencies\Detours\include\detours.h">
      <Filter>Dependencies\Detours\include</Filter>
    </ClInclude>
    <ClInclude Include="Dependencies\Detours\include\detver.h">
      <Filter>Dependencies\Detours\include</Filter>
    </ClInclude>
    <ClInclude Include="Dependencies\Detours\include\syelog.h">
      <Filter>Dependencies\Detours\include</Filter>
    </ClInclude>
    <ClInclude Include="Dependencies\Helpers.h">
      <Filter>Dependencies</Filter>
    </ClInclude>
    <ClInclude Include="..\..\Sonic 4 DLL mods\Dependencies\INIReader.h">
      <Filter>Dependencies</Filter>
    </ClInclude>
    <ClInclude Include="D3D9Hook.h">
      <Filter>LoaderMain\Hooks</Filter>
    </ClInclude>
    <ClInclude Include="AliceLoader.h">
      <Filter>LoaderMain</Filter>
    </ClInclude>
    <ClInclude Include="Config.h">
      <Filter>LoaderMain</Filter>
    </ClInclude>
    <ClInclude Include="Pch.h">
      <Filter>DLL</Filter>
    </ClInclude>
    <ClInclude Include="resource.h" />
    <ClInclude Include="FileService.h">
      <Filter>LoaderMain</Filter>
    </ClInclude>
  </ItemGroup>
  <ItemGroup>
    <ClCompile Include="D3D9Hook.cpp">
      <Filter>LoaderMain\Hooks</Filter>
    </ClCompile>
    <ClCompile Include="AliceLoader.cpp">
      <Filter>LoaderMain</Filter>
    </ClCompile>
    <ClCompile Include="Config.cpp">
      <Filter>LoaderMain</Filter>
    </ClCompile>
    <ClCompile Include="DllMain.cpp">
      <Filter>DLL</Filter>
    </ClCompile>
    <ClCompile Include="Pch.cpp">
      <Filter>DLL</Filter>
    </ClCompile>
    <ClCompile Include="FileService.cpp">
      <Filter>LoaderMain</Filter>
    </ClCompile>
  </ItemGroup>
  <ItemGroup>
    <Filter Include="Dependencies">
      <UniqueIdentifier>{f5697e5c-9474-4c63-a92d-e047fc6692f6}</UniqueIdentifier>
    </Filter>
    <Filter Include="Dependencies\Detours">
      <UniqueIdentifier>{85ba7ea6-f22a-4697-9548-62c26d3be628}</UniqueIdentifier>
    </Filter>
    <Filter Include="Dependencies\Detours\lib">
      <UniqueIdentifier>{09dbd0a7-6765-4610-9214-041ab869c477}</UniqueIdentifier>
    </Filter>
    <Filter Include="Dependencies\Detours\include">
      <UniqueIdentifier>{93708190-5906-4db7-b13b-dff27f636afb}</UniqueIdentifier>
    </Filter>
    <Filter Include="Dependencies\Detours\lib\x86">
      <UniqueIdentifier>{18983a62-1a77-4f06-b903-ba42ba572101}</UniqueIdentifier>
    </Filter>
    <Filter Include="Dependencies\Detours\lib\x64">
      <UniqueIdentifier>{737983fc-3a8e-4a50-b3bc-7bd1e5145ad5}</UniqueIdentifier>
    </Filter>
    <Filter Include="LoaderMain">
      <UniqueIdentifier>{74a46e8b-276d-4c73-a440-b00a9e96b777}</UniqueIdentifier>
    </Filter>
    <Filter Include="LoaderMain\Hooks">
      <UniqueIdentifier>{864c1aa2-dbe9-49ac-8950-81d4bfa0b6a5}</UniqueIdentifier>
    </Filter>
    <Filter Include="DLL">
      <UniqueIdentifier>{fe51a12f-e71a-4060-b954-b346c04214e7}</UniqueIdentifier>
    </Filter>
  </ItemGroup>
  <ItemGroup>
    <Library Include="Dependencies\Detours\lib\x64\detours.lib">
      <Filter>Dependencies\Detours\lib\x64</Filter>
    </Library>
    <Library Include="Dependencies\Detours\lib\x64\syelog.lib">
      <Filter>Dependencies\Detours\lib\x64</Filter>
    </Library>
    <Library Include="Dependencies\Detours\lib\x86\detours.lib">
      <Filter>Dependencies\Detours\lib\x86</Filter>
    </Library>
    <Library Include="Dependencies\Detours\lib\x86\syelog.lib">
      <Filter>Dependencies\Detours\lib\x86</Filter>
    </Library>
  </ItemGroup>
  <ItemGroup>
    <None Include="Dependencies\Detours\lib\x64\detours.pdb">
      <Filter>Dependencies\Detours\lib\x64</Filter>
    </None>
    <None Include="Dependencies\Detours\lib\x86\detours.pdb">
      <Filter>Dependencies\Detours\lib\x86</Filter>
    </None>
  </ItemGroup>
  <ItemGroup>
    <ResourceCompile Include="AliceModLoader.rc" />
  </ItemGroup>
</Project>